
Microsoft Visual Studio Solution File, Format Version 12.00
# Visual Studio Version 17
VisualStudioVersion = 17.2.32526.322
MinimumVisualStudioVersion = 10.0.40219.1
Project("{FAE04EC0-301F-11D3-BF4B-00C04F79EFBC}") = "A Very Big Sum", "A Very Big Sum\A Very Big Sum.csproj", "{9E3659BE-540E-45BE-ADE2-55F96310F941}"
EndProject
Global
	GlobalSection(SolutionConfigurationPlatforms) = preSolution
		Debug|Any CPU = Debug|Any CPU
		Release|Any CPU = Release|Any CPU
	EndGlobalSection
	GlobalSection(ProjectConfigurationPlatforms) = postSolution
		{9E3659BE-540E-45BE-ADE2-55F96310F941}.Debug|Any CPU.ActiveCfg = Debug|Any CPU
		{9E3659BE-540E-45BE-ADE2-55F96310F941}.Debug|Any CPU.Build.0 = Debug|Any CPU
		{9E3659BE-540E-45BE-ADE2-55F96310F941}.Release|Any CPU.ActiveCfg = Release|Any CPU
		{9E3659BE-540E-45BE-ADE2-55F96310F941}.Release|Any CPU.Build.0 = Release|Any CPU
	EndGlobalSection
	GlobalSection(SolutionProperties) = preSolution
		HideSolutionNode = FALSE
	EndGlobalSection
	GlobalSection(ExtensibilityGlobals) = postSolution
		SolutionGuid = {ECF3CB3D-20AA-4D9A-9780-F1AFF30212CC}
	EndGlobalSection
EndGlobal
